
Microsoft Visual Studio Solution File, Format Version 12.00
# Visual Studio 2013
VisualStudioVersion = 12.0.40629.0
MinimumVisualStudioVersion = 10.0.40219.1
Project("{FAE04EC0-301F-11D3-BF4B-00C04F79EFBC}") = "Valve2Pipe", "Valve2Pipe\Valve2Pipe.csproj", "{4E365B43-DC45-4D5F-A812-26CA5E02170B}"
EndProject
Project("{FAE04EC0-301F-11D3-BF4B-00C04F79EFBC}") = "Pipe2File", "Pipe2File\Pipe2File.csproj", "{C7951044-319D-4F60-99F0-E1506A02B76C}"
EndProject
Project("{FAE04EC0-301F-11D3-BF4B-00C04F79EFBC}") = "SplitVideo", "SplitVideo\SplitVideo.csproj", "{91ED83A7-660F-47AB-9383-A648D253EE5B}"
EndProject
Project("{FAE04EC0-301F-11D3-BF4B-00C04F79EFBC}") = "SystemIdleMonitor", "..\SystemIdleMonitor\SystemIdleMonitor\SystemIdleMonitor.csproj", "{4A9FA840-521E-4A4A-A178-E6A02C7D488F}"
EndProject
Global
	GlobalSection(SolutionConfigurationPlatforms) = preSolution
		Debug|Any CPU = Debug|Any CPU
		Release|Any CPU = Release|Any CPU
	EndGlobalSection
	GlobalSection(ProjectConfigurationPlatforms) = postSolution
		{4E365B43-DC45-4D5F-A812-26CA5E02170B}.Debug|Any CPU.ActiveCfg = Debug|Any CPU
		{4E365B43-DC45-4D5F-A812-26CA5E02170B}.Debug|Any CPU.Build.0 = Debug|Any CPU
		{4E365B43-DC45-4D5F-A812-26CA5E02170B}.Release|Any CPU.ActiveCfg = Release|Any CPU
		{4E365B43-DC45-4D5F-A812-26CA5E02170B}.Release|Any CPU.Build.0 = Release|Any CPU
		{C7951044-319D-4F60-99F0-E1506A02B76C}.Debug|Any CPU.ActiveCfg = Debug|Any CPU
		{C7951044-319D-4F60-99F0-E1506A02B76C}.Debug|Any CPU.Build.0 = Debug|Any CPU
		{C7951044-319D-4F60-99F0-E1506A02B76C}.Release|Any CPU.ActiveCfg = Release|Any CPU
		{C7951044-319D-4F60-99F0-E1506A02B76C}.Release|Any CPU.Build.0 = Release|Any CPU
		{91ED83A7-660F-47AB-9383-A648D253EE5B}.Debug|Any CPU.ActiveCfg = Debug|Any CPU
		{91ED83A7-660F-47AB-9383-A648D253EE5B}.Debug|Any CPU.Build.0 = Debug|Any CPU
		{91ED83A7-660F-47AB-9383-A648D253EE5B}.Release|Any CPU.ActiveCfg = Release|Any CPU
		{91ED83A7-660F-47AB-9383-A648D253EE5B}.Release|Any CPU.Build.0 = Release|Any CPU
		{4A9FA840-521E-4A4A-A178-E6A02C7D488F}.Debug|Any CPU.ActiveCfg = Debug|Any CPU
		{4A9FA840-521E-4A4A-A178-E6A02C7D488F}.Debug|Any CPU.Build.0 = Debug|Any CPU
		{4A9FA840-521E-4A4A-A178-E6A02C7D488F}.Release|Any CPU.ActiveCfg = Release|Any CPU
		{4A9FA840-521E-4A4A-A178-E6A02C7D488F}.Release|Any CPU.Build.0 = Release|Any CPU
	EndGlobalSection
	GlobalSection(SolutionProperties) = preSolution
		HideSolutionNode = FALSE
	EndGlobalSection
EndGlobal
